// !$*UTF8*$!
{
	archiveVersion = 1;
	classes = {
	};
	objectVersion = 56;
	objects = {

/* Begin PBXBuildFile section */
		3E2316332A49D22B00FDEDC4 /* VisionsAppTestApp.swift in Sources */ = {isa = PBXBuildFile; fileRef = 3E2316322A49D22B00FDEDC4 /* VisionsAppTestApp.swift */; };
		3E2316352A49D22B00FDEDC4 /* ContentView.swift in Sources */ = {isa = PBXBuildFile; fileRef = 3E2316342A49D22B00FDEDC4 /* ContentView.swift */; };
		3E2316372A49D22C00FDEDC4 /* Assets.xcassets in Resources */ = {isa = PBXBuildFile; fileRef = 3E2316362A49D22C00FDEDC4 /* Assets.xcassets */; };
		3E23163A2A49D22C00FDEDC4 /* Preview Assets.xcassets in Resources */ = {isa = PBXBuildFile; fileRef = 3E2316392A49D22C00FDEDC4 /* Preview Assets.xcassets */; };
		3E2316442A49D22C00FDEDC4 /* VisionsAppTestTests.swift in Sources */ = {isa = PBXBuildFile; fileRef = 3E2316432A49D22C00FDEDC4 /* VisionsAppTestTests.swift */; };
		3E23164E2A49D22C00FDEDC4 /* VisionsAppTestUITests.swift in Sources */ = {isa = PBXBuildFile; fileRef = 3E23164D2A49D22C00FDEDC4 /* VisionsAppTestUITests.swift */; };
		3E2316502A49D22C00FDEDC4 /* VisionsAppTestUITestsLaunchTests.swift in Sources */ = {isa = PBXBuildFile; fileRef = 3E23164F2A49D22C00FDEDC4 /* VisionsAppTestUITestsLaunchTests.swift */; };
		3E23165D2A49D31F00FDEDC4 /* ScannerView.swift in Sources */ = {isa = PBXBuildFile; fileRef = 3E23165C2A49D31F00FDEDC4 /* ScannerView.swift */; };
		3E23165F2A49DF8300FDEDC4 /* Model.swift in Sources */ = {isa = PBXBuildFile; fileRef = 3E23165E2A49DF8300FDEDC4 /* Model.swift */; };
		3E2316612A49E10C00FDEDC4 /* TextRecognition.swift in Sources */ = {isa = PBXBuildFile; fileRef = 3E2316602A49E10C00FDEDC4 /* TextRecognition.swift */; };
/* End PBXBuildFile section */

/* Begin PBXContainerItemProxy section */
		3E2316402A49D22C00FDEDC4 /* PBXContainerItemProxy */ = {
			isa = PBXContainerItemProxy;
			containerPortal = 3E2316272A49D22B00FDEDC4 /* Project object */;
			proxyType = 1;
			remoteGlobalIDString = 3E23162E2A49D22B00FDEDC4;
			remoteInfo = VisionsAppTest;
		};
		3E23164A2A49D22C00FDEDC4 /* PBXContainerItemProxy */ = {
			isa = PBXContainerItemProxy;
			containerPortal = 3E2316272A49D22B00FDEDC4 /* Project object */;
			proxyType = 1;
			remoteGlobalIDString = 3E23162E2A49D22B00FDEDC4;
			remoteInfo = VisionsAppTest;
		};
/* End PBXContainerItemProxy section */

/* Begin PBXFileReference section */
		3E23162F2A49D22B00FDEDC4 /* VisionsAppTest.app */ = {isa = PBXFileReference; explicitFileType = wrapper.application; includeInIndex = 0; path = VisionsAppTest.app; sourceTree = BUILT_PRODUCTS_DIR; };
		3E2316322A49D22B00FDEDC4 /* VisionsAppTestApp.swift */ = {isa = PBXFileReference; lastKnownFileType = sourcecode.swift; path = VisionsAppTestApp.swift; sourceTree = "<group>"; };
		3E2316342A49D22B00FDEDC4 /* ContentView.swift */ = {isa = PBXFileReference; lastKnownFileType = sourcecode.swift; path = ContentView.swift; sourceTree = "<group>"; };
		3E2316362A49D22C00FDEDC4 /* Assets.xcassets */ = {isa = PBXFileReference; lastKnownFileType = folder.assetcatalog; path = Assets.xcassets; sourceTree = "<group>"; };
		3E2316392A49D22C00FDEDC4 /* Preview Assets.xcassets */ = {isa = PBXFileReference; lastKnownFileType = folder.assetcatalog; path = "Preview Assets.xcassets"; sourceTree = "<group>"; };
		3E23163F2A49D22C00FDEDC4 /* VisionsAppTestTests.xctest */ = {isa = PBXFileReference; explicitFileType = wrapper.cfbundle; includeInIndex = 0; path = VisionsAppTestTests.xctest; sourceTree = BUILT_PRODUCTS_DIR; };
		3E2316432A49D22C00FDEDC4 /* VisionsAppTestTests.swift */ = {isa = PBXFileReference; lastKnownFileType = sourcecode.swift; path = VisionsAppTestTests.swift; sourceTree = "<group>"; };
		3E2316492A49D22C00FDEDC4 /* VisionsAppTestUITests.xctest */ = {isa = PBXFileReference; explicitFileType = wrapper.cfbundle; includeInIndex = 0; path = VisionsAppTestUITests.xctest; sourceTree = BUILT_PRODUCTS_DIR; };
		3E23164D2A49D22C00FDEDC4 /* VisionsAppTestUITests.swift */ = {isa = PBXFileReference; lastKnownFileType = sourcecode.swift; path = VisionsAppTestUITests.swift; sourceTree = "<group>"; };
		3E23164F2A49D22C00FDEDC4 /* VisionsAppTestUITestsLaunchTests.swift */ = {isa = PBXFileReference; lastKnownFileType = sourcecode.swift; path = VisionsAppTestUITestsLaunchTests.swift; sourceTree = "<group>"; };
		3E23165C2A49D31F00FDEDC4 /* ScannerView.swift */ = {isa = PBXFileReference; lastKnownFileType = sourcecode.swift; path = ScannerView.swift; sourceTree = "<group>"; };
		3E23165E2A49DF8300FDEDC4 /* Model.swift */ = {isa = PBXFileReference; lastKnownFileType = sourcecode.swift; path = Model.swift; sourceTree = "<group>"; };
		3E2316602A49E10C00FDEDC4 /* TextRecognition.swift */ = {isa = PBXFileReference; lastKnownFileType = sourcecode.swift; path = TextRecognition.swift; sourceTree = "<group>"; };
/* End PBXFileReference section */

/* Begin PBXFrameworksBuildPhase section */
		3E23162C2A49D22B00FDEDC4 /* Frameworks */ = {
			isa = PBXFrameworksBuildPhase;
			buildActionMask = 2147483647;
			files = (
			);
			runOnlyForDeploymentPostprocessing = 0;
		};
		3E23163C2A49D22C00FDEDC4 /* Frameworks */ = {
			isa = PBXFrameworksBuildPhase;
			buildActionMask = 2147483647;
			files = (
			);
			runOnlyForDeploymentPostprocessing = 0;
		};
		3E2316462A49D22C00FDEDC4 /* Frameworks */ = {
			isa = PBXFrameworksBuildPhase;
			buildActionMask = 2147483647;
			files = (
			);
			runOnlyForDeploymentPostprocessing = 0;
		};
/* End PBXFrameworksBuildPhase section */

/* Begin PBXGroup section */
		3E2316262A49D22B00FDEDC4 = {
			isa = PBXGroup;
			children = (
				3E2316312A49D22B00FDEDC4 /* VisionsAppTest */,
				3E2316422A49D22C00FDEDC4 /* VisionsAppTestTests */,
				3E23164C2A49D22C00FDEDC4 /* VisionsAppTestUITests */,
				3E2316302A49D22B00FDEDC4 /* Products */,
			);
			sourceTree = "<group>";
		};
		3E2316302A49D22B00FDEDC4 /* Products */ = {
			isa = PBXGroup;
			children = (
				3E23162F2A49D22B00FDEDC4 /* VisionsAppTest.app */,
				3E23163F2A49D22C00FDEDC4 /* VisionsAppTestTests.xctest */,
				3E2316492A49D22C00FDEDC4 /* VisionsAppTestUITests.xctest */,
			);
			name = Products;
			sourceTree = "<group>";
		};
		3E2316312A49D22B00FDEDC4 /* VisionsAppTest */ = {
			isa = PBXGroup;
			children = (
				3E2316322A49D22B00FDEDC4 /* VisionsAppTestApp.swift */,
				3E2316342A49D22B00FDEDC4 /* ContentView.swift */,
				3E23165C2A49D31F00FDEDC4 /* ScannerView.swift */,
				3E23165E2A49DF8300FDEDC4 /* Model.swift */,
				3E2316602A49E10C00FDEDC4 /* TextRecognition.swift */,
				3E2316362A49D22C00FDEDC4 /* Assets.xcassets */,
				3E2316382A49D22C00FDEDC4 /* Preview Content */,
			);
			path = VisionsAppTest;
			sourceTree = "<group>";
		};
		3E2316382A49D22C00FDEDC4 /* Preview Content */ = {
			isa = PBXGroup;
			children = (
				3E2316392A49D22C00FDEDC4 /* Preview Assets.xcassets */,
			);
			path = "Preview Content";
			sourceTree = "<group>";
		};
		3E2316422A49D22C00FDEDC4 /* VisionsAppTestTests */ = {
			isa = PBXGroup;
			children = (
				3E2316432A49D22C00FDEDC4 /* VisionsAppTestTests.swift */,
			);
			path = VisionsAppTestTests;
			sourceTree = "<group>";
		};
		3E23164C2A49D22C00FDEDC4 /* VisionsAppTestUITests */ = {
			isa = PBXGroup;
			children = (
				3E23164D2A49D22C00FDEDC4 /* VisionsAppTestUITests.swift */,
				3E23164F2A49D22C00FDEDC4 /* VisionsAppTestUITestsLaunchTests.swift */,
			);
			path = VisionsAppTestUITests;
			sourceTree = "<group>";
		};
/* End PBXGroup section */

/* Begin PBXNativeTarget section */
		3E23162E2A49D22B00FDEDC4 /* VisionsAppTest */ = {
			isa = PBXNativeTarget;
			buildConfigurationList = 3E2316532A49D22C00FDEDC4 /* Build configuration list for PBXNativeTarget "VisionsAppTest" */;
			buildPhases = (
				3E23162B2A49D22B00FDEDC4 /* Sources */,
				3E23162C2A49D22B00FDEDC4 /* Frameworks */,
				3E23162D2A49D22B00FDEDC4 /* Resources */,
			);
			buildRules = (
			);
			dependencies = (
			);
			name = VisionsAppTest;
			productName = VisionsAppTest;
			productReference = 3E23162F2A49D22B00FDEDC4 /* VisionsAppTest.app */;
			productType = "com.apple.product-type.application";
		};
		3E23163E2A49D22C00FDEDC4 /* VisionsAppTestTests */ = {
			isa = PBXNativeTarget;
			buildConfigurationList = 3E2316562A49D22C00FDEDC4 /* Build configuration list for PBXNativeTarget "VisionsAppTestTests" */;
			buildPhases = (
				3E23163B2A49D22C00FDEDC4 /* Sources */,
				3E23163C2A49D22C00FDEDC4 /* Frameworks */,
				3E23163D2A49D22C00FDEDC4 /* Resources */,
			);
			buildRules = (
			);
			dependencies = (
				3E2316412A49D22C00FDEDC4 /* PBXTargetDependency */,
			);
			name = VisionsAppTestTests;
			productName = VisionsAppTestTests;
			productReference = 3E23163F2A49D22C00FDEDC4 /* VisionsAppTestTests.xctest */;
			productType = "com.apple.product-type.bundle.unit-test";
		};
		3E2316482A49D22C00FDEDC4 /* VisionsAppTestUITests */ = {
			isa = PBXNativeTarget;
			buildConfigurationList = 3E2316592A49D22C00FDEDC4 /* Build configuration list for PBXNativeTarget "VisionsAppTestUITests" */;
			buildPhases = (
				3E2316452A49D22C00FDEDC4 /* Sources */,
				3E2316462A49D22C00FDEDC4 /* Frameworks */,
				3E2316472A49D22C00FDEDC4 /* Resources */,
			);
			buildRules = (
			);
			dependencies = (
				3E23164B2A49D22C00FDEDC4 /* PBXTargetDependency */,
			);
			name = VisionsAppTestUITests;
			productName = VisionsAppTestUITests;
			productReference = 3E2316492A49D22C00FDEDC4 /* VisionsAppTestUITests.xctest */;
			productType = "com.apple.product-type.bundle.ui-testing";
		};
/* End PBXNativeTarget section */

/* Begin PBXProject section */
		3E2316272A49D22B00FDEDC4 /* Project object */ = {
			isa = PBXProject;
			attributes = {
				BuildIndependentTargetsInParallel = 1;
				LastSwiftUpdateCheck = 1430;
				LastUpgradeCheck = 1430;
				TargetAttributes = {
					3E23162E2A49D22B00FDEDC4 = {
						CreatedOnToolsVersion = 14.3.1;
					};
					3E23163E2A49D22C00FDEDC4 = {
						CreatedOnToolsVersion = 14.3.1;
						TestTargetID = 3E23162E2A49D22B00FDEDC4;
					};
					3E2316482A49D22C00FDEDC4 = {
						CreatedOnToolsVersion = 14.3.1;
						TestTargetID = 3E23162E2A49D22B00FDEDC4;
					};
				};
			};
			buildConfigurationList = 3E23162A2A49D22B00FDEDC4 /* Build configuration list for PBXProject "VisionsAppTest" */;
			compatibilityVersion = "Xcode 14.0";
			developmentRegion = en;
			hasScannedForEncodings = 0;
			knownRegions = (
				en,
				Base,
			);
			mainGroup = 3E2316262A49D22B00FDEDC4;
			productRefGroup = 3E2316302A49D22B00FDEDC4 /* Products */;
			projectDirPath = "";
			projectRoot = "";
			targets = (
				3E23162E2A49D22B00FDEDC4 /* VisionsAppTest */,
				3E23163E2A49D22C00FDEDC4 /* VisionsAppTestTests */,
				3E2316482A49D22C00FDEDC4 /* VisionsAppTestUITests */,
			);
		};
/* End PBXProject section */

/* Begin PBXResourcesBuildPhase section */
		3E23162D2A49D22B00FDEDC4 /* Resources */ = {
			isa = PBXResourcesBuildPhase;
			buildActionMask = 2147483647;
			files = (
				3E23163A2A49D22C00FDEDC4 /* Preview Assets.xcassets in Resources */,
				3E2316372A49D22C00FDEDC4 /* Assets.xcassets in Resources */,
			);
			runOnlyForDeploymentPostprocessing = 0;
		};
		3E23163D2A49D22C00FDEDC4 /* Resources */ = {
			isa = PBXResourcesBuildPhase;
			buildActionMask = 2147483647;
			files = (
			);
			runOnlyForDeploymentPostprocessing = 0;
		};
		3E2316472A49D22C00FDEDC4 /* Resources */ = {
			isa = PBXResourcesBuildPhase;
			buildActionMask = 2147483647;
			files = (
			);
			runOnlyForDeploymentPostprocessing = 0;
		};
/* End PBXResourcesBuildPhase section */

/* Begin PBXSourcesBuildPhase section */
		3E23162B2A49D22B00FDEDC4 /* Sources */ = {
			isa = PBXSourcesBuildPhase;
			buildActionMask = 2147483647;
			files = (
				3E23165D2A49D31F00FDEDC4 /* ScannerView.swift in Sources */,
				3E2316612A49E10C00FDEDC4 /* TextRecognition.swift in Sources */,
				3E2316352A49D22B00FDEDC4 /* ContentView.swift in Sources */,
				3E2316332A49D22B00FDEDC4 /* VisionsAppTestApp.swift in Sources */,
				3E23165F2A49DF8300FDEDC4 /* Model.swift in Sources */,
			);
			runOnlyForDeploymentPostprocessing = 0;
		};
		3E23163B2A49D22C00FDEDC4 /* Sources */ = {
			isa = PBXSourcesBuildPhase;
			buildActionMask = 2147483647;
			files = (
				3E2316442A49D22C00FDEDC4 /* VisionsAppTestTests.swift in Sources */,
			);
			runOnlyForDeploymentPostprocessing = 0;
		};
		3E2316452A49D22C00FDEDC4 /* Sources */ = {
			isa = PBXSourcesBuildPhase;
			buildActionMask = 2147483647;
			files = (
				3E2316502A49D22C00FDEDC4 /* VisionsAppTestUITestsLaunchTests.swift in Sources */,
				3E23164E2A49D22C00FDEDC4 /* VisionsAppTestUITests.swift in Sources */,
			);
			runOnlyForDeploymentPostprocessing = 0;
		};
/* End PBXSourcesBuildPhase section */

/* Begin PBXTargetDependency section */
		3E2316412A49D22C00FDEDC4 /* PBXTargetDependency */ = {
			isa = PBXTargetDependency;
			target = 3E23162E2A49D22B00FDEDC4 /* VisionsAppTest */;
			targetProxy = 3E2316402A49D22C00FDEDC4 /* PBXContainerItemProxy */;
		};
		3E23164B2A49D22C00FDEDC4 /* PBXTargetDependency */ = {
			isa = PBXTargetDependency;
			target = 3E23162E2A49D22B00FDEDC4 /* VisionsAppTest */;
			targetProxy = 3E23164A2A49D22C00FDEDC4 /* PBXContainerItemProxy */;
		};
/* End PBXTargetDependency section */

/* Begin XCBuildConfiguration section */
		3E2316512A49D22C00FDEDC4 /* Debug */ = {
			isa = XCBuildConfiguration;
			buildSettings = {
				ALWAYS_SEARCH_USER_PATHS = NO;
				CLANG_ANALYZER_NONNULL = YES;
				CLANG_ANALYZER_NUMBER_OBJECT_CONVERSION = YES_AGGRESSIVE;
				CLANG_CXX_LANGUAGE_STANDARD = "gnu++20";
				CLANG_ENABLE_MODULES = YES;
				CLANG_ENABLE_OBJC_ARC = YES;
				CLANG_ENABLE_OBJC_WEAK = YES;
				CLANG_WARN_BLOCK_CAPTURE_AUTORELEASING = YES;
				CLANG_WARN_BOOL_CONVERSION = YES;
				CLANG_WARN_COMMA = YES;
				CLANG_WARN_CONSTANT_CONVERSION = YES;
				CLANG_WARN_DEPRECATED_OBJC_IMPLEMENTATIONS = YES;
				CLANG_WARN_DIRECT_OBJC_ISA_USAGE = YES_ERROR;
				CLANG_WARN_DOCUMENTATION_COMMENTS = YES;
				CLANG_WARN_EMPTY_BODY = YES;
				CLANG_WARN_ENUM_CONVERSION = YES;
				CLANG_WARN_INFINITE_RECURSION = YES;
				CLANG_WARN_INT_CONVERSION = YES;
				CLANG_WARN_NON_LITERAL_NULL_CONVERSION = YES;
				CLANG_WARN_OBJC_IMPLICIT_RETAIN_SELF = YES;
				CLANG_WARN_OBJC_LITERAL_CONVERSION = YES;
				CLANG_WARN_OBJC_ROOT_CLASS = YES_ERROR;
				CLANG_WARN_QUOTED_INCLUDE_IN_FRAMEWORK_HEADER = YES;
				CLANG_WARN_RANGE_LOOP_ANALYSIS = YES;
				CLANG_WARN_STRICT_PROTOTYPES = YES;
				CLANG_WARN_SUSPICIOUS_MOVE = YES;
				CLANG_WARN_UNGUARDED_AVAILABILITY = YES_AGGRESSIVE;
				CLANG_WARN_UNREACHABLE_CODE = YES;
				CLANG_WARN__DUPLICATE_METHOD_MATCH = YES;
				COPY_PHASE_STRIP = NO;
				DEBUG_INFORMATION_FORMAT = dwarf;
				ENABLE_STRICT_OBJC_MSGSEND = YES;
				ENABLE_TESTABILITY = YES;
				GCC_C_LANGUAGE_STANDARD = gnu11;
				GCC_DYNAMIC_NO_PIC = NO;
				GCC_NO_COMMON_BLOCKS = YES;
				GCC_OPTIMIZATION_LEVEL = 0;
				GCC_PREPROCESSOR_DEFINITIONS = (
					"DEBUG=1",
					"$(inherited)",
				);
				GCC_WARN_64_TO_32_BIT_CONVERSION = YES;
				GCC_WARN_ABOUT_RETURN_TYPE = YES_ERROR;
				GCC_WARN_UNDECLARED_SELECTOR = YES;
				GCC_WARN_UNINITIALIZED_AUTOS = YES_AGGRESSIVE;
				GCC_WARN_UNUSED_FUNCTION = YES;
				GCC_WARN_UNUSED_VARIABLE = YES;
				IPHONEOS_DEPLOYMENT_TARGET = 16.4;
				MTL_ENABLE_DEBUG_INFO = INCLUDE_SOURCE;
				MTL_FAST_MATH = YES;
				ONLY_ACTIVE_ARCH = YES;
				SDKROOT = iphoneos;
				SWIFT_ACTIVE_COMPILATION_CONDITIONS = DEBUG;
				SWIFT_OPTIMIZATION_LEVEL = "-Onone";
			};
			name = Debug;
		};
		3E2316522A49D22C00FDEDC4 /* Release */ = {
			isa = XCBuildConfiguration;
			buildSettings = {
				ALWAYS_SEARCH_USER_PATHS = NO;
				CLANG_ANALYZER_NONNULL = YES;
				CLANG_ANALYZER_NUMBER_OBJECT_CONVERSION = YES_AGGRESSIVE;
				CLANG_CXX_LANGUAGE_STANDARD = "gnu++20";
				CLANG_ENABLE_MODULES = YES;
				CLANG_ENABLE_OBJC_ARC = YES;
				CLANG_ENABLE_OBJC_WEAK = YES;
				CLANG_WARN_BLOCK_CAPTURE_AUTORELEASING = YES;
				CLANG_WARN_BOOL_CONVERSION = YES;
				CLANG_WARN_COMMA = YES;
				CLANG_WARN_CONSTANT_CONVERSION = YES;
				CLANG_WARN_DEPRECATED_OBJC_IMPLEMENTATIONS = YES;
				CLANG_WARN_DIRECT_OBJC_ISA_USAGE = YES_ERROR;
				CLANG_WARN_DOCUMENTATION_COMMENTS = YES;
				CLANG_WARN_EMPTY_BODY = YES;
				CLANG_WARN_ENUM_CONVERSION = YES;
				CLANG_WARN_INFINITE_RECURSION = YES;
				CLANG_WARN_INT_CONVERSION = YES;
				CLANG_WARN_NON_LITERAL_NULL_CONVERSION = YES;
				CLANG_WARN_OBJC_IMPLICIT_RETAIN_SELF = YES;
				CLANG_WARN_OBJC_LITERAL_CONVERSION = YES;
				CLANG_WARN_OBJC_ROOT_CLASS = YES_ERROR;
				CLANG_WARN_QUOTED_INCLUDE_IN_FRAMEWORK_HEADER = YES;
				CLANG_WARN_RANGE_LOOP_ANALYSIS = YES;
				CLANG_WARN_STRICT_PROTOTYPES = YES;
				CLANG_WARN_SUSPICIOUS_MOVE = YES;
				CLANG_WARN_UNGUARDED_AVAILABILITY = YES_AGGRESSIVE;
				CLANG_WARN_UNREACHABLE_CODE = YES;
				CLANG_WARN__DUPLICATE_METHOD_MATCH = YES;
				COPY_PHASE_STRIP = NO;
				DEBUG_INFORMATION_FORMAT = "dwarf-with-dsym";
				ENABLE_NS_ASSERTIONS = NO;
				ENABLE_STRICT_OBJC_MSGSEND = YES;
				GCC_C_LANGUAGE_STANDARD = gnu11;
				GCC_NO_COMMON_BLOCKS = YES;
				GCC_WARN_64_TO_32_BIT_CONVERSION = YES;
				GCC_WARN_ABOUT_RETURN_TYPE = YES_ERROR;
				GCC_WARN_UNDECLARED_SELECTOR = YES;
				GCC_WARN_UNINITIALIZED_AUTOS = YES_AGGRESSIVE;
				GCC_WARN_UNUSED_FUNCTION = YES;
				GCC_WARN_UNUSED_VARIABLE = YES;
				IPHONEOS_DEPLOYMENT_TARGET = 16.4;
				MTL_ENABLE_DEBUG_INFO = NO;
				MTL_FAST_MATH = YES;
				SDKROOT = iphoneos;
				SWIFT_COMPILATION_MODE = wholemodule;
				SWIFT_OPTIMIZATION_LEVEL = "-O";
				VALIDATE_PRODUCT = YES;
			};
			name = Release;
		};
		3E2316542A49D22C00FDEDC4 /* Debug */ = {
			isa = XCBuildConfiguration;
			buildSettings = {
				ASSETCATALOG_COMPILER_APPICON_NAME = AppIcon;
				ASSETCATALOG_COMPILER_GLOBAL_ACCENT_COLOR_NAME = AccentColor;
				CODE_SIGN_STYLE = Automatic;
				CURRENT_PROJECT_VERSION = 1;
				DEVELOPMENT_ASSET_PATHS = "\"VisionsAppTest/Preview Content\"";
				DEVELOPMENT_TEAM = 2NZ598YJKN;
				ENABLE_PREVIEWS = YES;
				GENERATE_INFOPLIST_FILE = YES;
				INFOPLIST_KEY_NSCameraUsageDescription = "Camera access is \nrequired to use this app ";
				INFOPLIST_KEY_UIApplicationSceneManifest_Generation = YES;
				INFOPLIST_KEY_UIApplicationSupportsIndirectInputEvents = YES;
				INFOPLIST_KEY_UILaunchScreen_Generation = YES;
				INFOPLIST_KEY_UISupportedInterfaceOrientations_iPad = "UIInterfaceOrientationPortrait UIInterfaceOrientationPortraitUpsideDown UIInterfaceOrientationLandscapeLeft UIInterfaceOrientationLandscapeRight";
				INFOPLIST_KEY_UISupportedInterfaceOrientations_iPhone = "UIInterfaceOrientationPortrait UIInterfaceOrientationLandscapeLeft UIInterfaceOrientationLandscapeRight";
				LD_RUNPATH_SEARCH_PATHS = (
					"$(inherited)",
					"@executable_path/Frameworks",
				);
				MARKETING_VERSION = 1.0;
				PRODUCT_BUNDLE_IDENTIFIER = visionspractice.VisionsAppTest;
				PRODUCT_NAME = "$(TARGET_NAME)";
				SWIFT_EMIT_LOC_STRINGS = YES;
				SWIFT_VERSION = 5.0;
				TARGETED_DEVICE_FAMILY = "1,2";
			};
			name = Debug;
		};
		3E2316552A49D22C00FDEDC4 /* Release */ = {
			isa = XCBuildConfiguration;
			buildSettings = {
				ASSETCATALOG_COMPILER_APPICON_NAME = AppIcon;
				ASSETCATALOG_COMPILER_GLOBAL_ACCENT_COLOR_NAME = AccentColor;
				CODE_SIGN_STYLE = Automatic;
				CURRENT_PROJECT_VERSION = 1;
				DEVELOPMENT_ASSET_PATHS = "\"VisionsAppTest/Preview Content\"";
				DEVELOPMENT_TEAM = 2NZ598YJKN;
				ENABLE_PREVIEWS = YES;
				GENERATE_INFOPLIST_FILE = YES;
				INFOPLIST_KEY_NSCameraUsageDescription = "Camera access is \nrequired to use this app ";
				INFOPLIST_KEY_UIApplicationSceneManifest_Generation = YES;
				INFOPLIST_KEY_UIApplicationSupportsIndirectInputEvents = YES;
				INFOPLIST_KEY_UILaunchScreen_Generation = YES;
				INFOPLIST_KEY_UISupportedInterfaceOrientations_iPad = "UIInterfaceOrientationPortrait UIInterfaceOrientationPortraitUpsideDown UIInterfaceOrientationLandscapeLeft UIInterfaceOrientationLandscapeRight";
				INFOPLIST_KEY_UISupportedInterfaceOrientations_iPhone = "UIInterfaceOrientationPortrait UIInterfaceOrientationLandscapeLeft UIInterfaceOrientationLandscapeRight";
				LD_RUNPATH_SEARCH_PATHS = (
					"$(inherited)",
					"@executable_path/Frameworks",
				);
				MARKETING_VERSION = 1.0;
				PRODUCT_BUNDLE_IDENTIFIER = visionspractice.VisionsAppTest;
				PRODUCT_NAME = "$(TARGET_NAME)";
				SWIFT_EMIT_LOC_STRINGS = YES;
				SWIFT_VERSION = 5.0;
				TARGETED_DEVICE_FAMILY = "1,2";
			};
			name = Release;
		};
		3E2316572A49D22C00FDEDC4 /* Debug */ = {
			isa = XCBuildConfiguration;
			buildSettings = {
				ALWAYS_EMBED_SWIFT_STANDARD_LIBRARIES = YES;
				BUNDLE_LOADER = "$(TEST_HOST)";
				CODE_SIGN_STYLE = Automatic;
				CURRENT_PROJECT_VERSION = 1;
				GENERATE_INFOPLIST_FILE = YES;
				IPHONEOS_DEPLOYMENT_TARGET = 16.4;
				MARKETING_VERSION = 1.0;
				PRODUCT_BUNDLE_IDENTIFIER = visionspractice.VisionsAppTestTests;
				PRODUCT_NAME = "$(TARGET_NAME)";
				SWIFT_EMIT_LOC_STRINGS = NO;
				SWIFT_VERSION = 5.0;
				TARGETED_DEVICE_FAMILY = "1,2";
				TEST_HOST = "$(BUILT_PRODUCTS_DIR)/VisionsAppTest.app/$(BUNDLE_EXECUTABLE_FOLDER_PATH)/VisionsAppTest";
			};
			name = Debug;
		};
		3E2316582A49D22C00FDEDC4 /* Release */ = {
			isa = XCBuildConfiguration;
			buildSettings = {
				ALWAYS_EMBED_SWIFT_STANDARD_LIBRARIES = YES;
				BUNDLE_LOADER = "$(TEST_HOST)";
				CODE_SIGN_STYLE = Automatic;
				CURRENT_PROJECT_VERSION = 1;
				GENERATE_INFOPLIST_FILE = YES;
				IPHONEOS_DEPLOYMENT_TARGET = 16.4;
				MARKETING_VERSION = 1.0;
				PRODUCT_BUNDLE_IDENTIFIER = visionspractice.VisionsAppTestTests;
				PRODUCT_NAME = "$(TARGET_NAME)";
				SWIFT_EMIT_LOC_STRINGS = NO;
				SWIFT_VERSION = 5.0;
				TARGETED_DEVICE_FAMILY = "1,2";
				TEST_HOST = "$(BUILT_PRODUCTS_DIR)/VisionsAppTest.app/$(BUNDLE_EXECUTABLE_FOLDER_PATH)/VisionsAppTest";
			};
			name = Release;
		};
		3E23165A2A49D22C00FDEDC4 /* Debug */ = {
			isa = XCBuildConfiguration;
			buildSettings = {
				ALWAYS_EMBED_SWIFT_STANDARD_LIBRARIES = YES;
				CODE_SIGN_STYLE = Automatic;
				CURRENT_PROJECT_VERSION = 1;
				GENERATE_INFOPLIST_FILE = YES;
				MARKETING_VERSION = 1.0;
				PRODUCT_BUNDLE_IDENTIFIER = visionspractice.VisionsAppTestUITests;
				PRODUCT_NAME = "$(TARGET_NAME)";
				SWIFT_EMIT_LOC_STRINGS = NO;
				SWIFT_VERSION = 5.0;
				TARGETED_DEVICE_FAMILY = "1,2";
				TEST_TARGET_NAME = VisionsAppTest;
			};
			name = Debug;
		};
		3E23165B2A49D22C00FDEDC4 /* Release */ = {
			isa = XCBuildConfiguration;
			buildSettings = {
				ALWAYS_EMBED_SWIFT_STANDARD_LIBRARIES = YES;
				CODE_SIGN_STYLE = Automatic;
				CURRENT_PROJECT_VERSION = 1;
				GENERATE_INFOPLIST_FILE = YES;
				MARKETING_VERSION = 1.0;
				PRODUCT_BUNDLE_IDENTIFIER = visionspractice.VisionsAppTestUITests;
				PRODUCT_NAME = "$(TARGET_NAME)";
				SWIFT_EMIT_LOC_STRINGS = NO;
				SWIFT_VERSION = 5.0;
				TARGETED_DEVICE_FAMILY = "1,2";
				TEST_TARGET_NAME = VisionsAppTest;
			};
			name = Release;
		};
/* End XCBuildConfiguration section */

/* Begin XCConfigurationList section */
		3E23162A2A49D22B00FDEDC4 /* Build configuration list for PBXProject "VisionsAppTest" */ = {
			isa = XCConfigurationList;
			buildConfigurations = (
				3E2316512A49D22C00FDEDC4 /* Debug */,
				3E2316522A49D22C00FDEDC4 /* Release */,
			);
			defaultConfigurationIsVisible = 0;
			defaultConfigurationName = Release;
		};
		3E2316532A49D22C00FDEDC4 /* Build configuration list for PBXNativeTarget "VisionsAppTest" */ = {
			isa = XCConfigurationList;
			buildConfigurations = (
				3E2316542A49D22C00FDEDC4 /* Debug */,
				3E2316552A49D22C00FDEDC4 /* Release */,
			);
			defaultConfigurationIsVisible = 0;
			defaultConfigurationName = Release;
		};
		3E2316562A49D22C00FDEDC4 /* Build configuration list for PBXNativeTarget "VisionsAppTestTests" */ = {
			isa = XCConfigurationList;
			buildConfigurations = (
				3E2316572A49D22C00FDEDC4 /* Debug */,
				3E2316582A49D22C00FDEDC4 /* Release */,
			);
			defaultConfigurationIsVisible = 0;
			defaultConfigurationName = Release;
		};
		3E2316592A49D22C00FDEDC4 /* Build configuration list for PBXNativeTarget "VisionsAppTestUITests" */ = {
			isa = XCConfigurationList;
			buildConfigurations = (
				3E23165A2A49D22C00FDEDC4 /* Debug */,
				3E23165B2A49D22C00FDEDC4 /* Release */,
			);
			defaultConfigurationIsVisible = 0;
			defaultConfigurationName = Release;
		};
/* End XCConfigurationList section */
	};
	rootObject = 3E2316272A49D22B00FDEDC4 /* Project object */;
}
